{
  "requires": true,
  "lockfileVersion": 1,
  "dependencies": {
    "@fortawesome/fontawesome-free": {
      "version": "6.4.2",
      "resolved": "https://registry.npmjs.org/@fortawesome/fontawesome-free/-/fontawesome-free-6.4.2.tgz",
      "integrity": "sha512-m5cPn3e2+FDCOgi1mz0RexTUvvQibBebOUlUlW0+YrMjDTPkiJ6VTKukA1GRsvRw+12KyJndNjj0O4AgTxm2Pg=="
    },
    "@uirouter/angularjs": {
      "version": "1.1.0",
      "resolved": "https://registry.npmjs.org/@uirouter/angularjs/-/angularjs-1.1.0.tgz",
      "integrity": "sha512-AhgxXhMfN6FU2HxDQqwDPbzmd6kTgvYCgV/kgoCAXfxAH6cFQrifViToC90Wdg6djBynHwA3L/KYP+iOYHkw6A=="
    },
    "angular": {
      "version": "1.8.2",
      "resolved": "https://registry.npmjs.org/angular/-/angular-1.8.2.tgz",
      "integrity": "sha512-IauMOej2xEe7/7Ennahkbb5qd/HFADiNuLSESz9Q27inmi32zB0lnAsFeLEWcox3Gd1F6YhNd1CP7/9IukJ0Gw=="
    },
    "bootstrap": {
      "version": "5.3.2",
      "resolved": "https://registry.npmjs.org/bootstrap/-/bootstrap-5.3.2.tgz",
      "integrity": "sha512-D32nmNWiQHo94BKHLmOrdjlL05q1c8oxbtBphQFb9Z5to6eGRDCm0QgeaZ4zFBHzfg2++rqa2JkqCcxDy0sH0g=="
    },
    "bootstrap-icons": {
      "version": "1.11.1",
      "resolved": "https://registry.npmjs.org/bootstrap-icons/-/bootstrap-icons-1.11.1.tgz",
      "integrity": "sha512-F0DDp7nKUX+x/QtpfRZ+XHFya60ng9nfdpdS59vDDfs4Uhuxp7zym/QavMsu/xx51txkoM9eVmpE7D08N35blw=="
    },
    "lucide": {
      "version": "0.287.0",
      "resolved": "https://registry.npmjs.org/lucide/-/lucide-0.287.0.tgz",
      "integrity": "sha512-PbnhhAiVSBgy2V+2Y/aRdBhUQVXLwG9KnWGIB+cv372A7HWWdDc4XFQQAby5u9rDJplUX7de3SrdaNapTaBf4g=="
    },
    "sweetalert2": {
      "version": "11.7.31",
      "resolved": "https://registry.npmjs.org/sweetalert2/-/sweetalert2-11.7.31.tgz",
      "integrity": "sha512-AVNODg41LqhC241UHTanW2ZQdh0ziiw+Gc3Dmy1EuCFP+g09P3mBEhvauU88J3JLEX6UpTfhp7iok9t8uhEdQQ=="
    }
  }
}
